
Microsoft Visual Studio Solution File, Format Version 12.00
# Visual Studio 2013
VisualStudioVersion = 12.0.30110.0
MinimumVisualStudioVersion = 10.0.40219.1
Project("{FAE04EC0-301F-11D3-BF4B-00C04F79EFBC}") = "Snappy.Console.Compress", "Snappy.Console.Compress\Snappy.Console.Compress.csproj", "{14FF6837-E5F4-4076-B3C9-5517EF89CFAC}"
EndProject
Project("{FAE04EC0-301F-11D3-BF4B-00C04F79EFBC}") = "Snappy.Console.Decompress", "Snappy.Console.Decompress\Snappy.Console.Decompress.csproj", "{0165F437-4B1E-41C8-820A-51B3F69F1C9E}"
EndProject
Project("{FAE04EC0-301F-11D3-BF4B-00C04F79EFBC}") = "Snappy.Console.Common", "Snappy.Console.Common\Snappy.Console.Common.csproj", "{44A404AA-0F86-49F5-AD80-A5851BC7A260}"
EndProject
Global
	GlobalSection(SolutionConfigurationPlatforms) = preSolution
		Debug|Any CPU = Debug|Any CPU
		Release|Any CPU = Release|Any CPU
	EndGlobalSection
	GlobalSection(ProjectConfigurationPlatforms) = postSolution
		{14FF6837-E5F4-4076-B3C9-5517EF89CFAC}.Debug|Any CPU.ActiveCfg = Debug|Any CPU
		{14FF6837-E5F4-4076-B3C9-5517EF89CFAC}.Debug|Any CPU.Build.0 = Debug|Any CPU
		{14FF6837-E5F4-4076-B3C9-5517EF89CFAC}.Release|Any CPU.ActiveCfg = Release|Any CPU
		{14FF6837-E5F4-4076-B3C9-5517EF89CFAC}.Release|Any CPU.Build.0 = Release|Any CPU
		{0165F437-4B1E-41C8-820A-51B3F69F1C9E}.Debug|Any CPU.ActiveCfg = Debug|Any CPU
		{0165F437-4B1E-41C8-820A-51B3F69F1C9E}.Debug|Any CPU.Build.0 = Debug|Any CPU
		{0165F437-4B1E-41C8-820A-51B3F69F1C9E}.Release|Any CPU.ActiveCfg = Release|Any CPU
		{0165F437-4B1E-41C8-820A-51B3F69F1C9E}.Release|Any CPU.Build.0 = Release|Any CPU
		{44A404AA-0F86-49F5-AD80-A5851BC7A260}.Debug|Any CPU.ActiveCfg = Debug|Any CPU
		{44A404AA-0F86-49F5-AD80-A5851BC7A260}.Debug|Any CPU.Build.0 = Debug|Any CPU
		{44A404AA-0F86-49F5-AD80-A5851BC7A260}.Release|Any CPU.ActiveCfg = Release|Any CPU
		{44A404AA-0F86-49F5-AD80-A5851BC7A260}.Release|Any CPU.Build.0 = Release|Any CPU
	EndGlobalSection
	GlobalSection(SolutionProperties) = preSolution
		HideSolutionNode = FALSE
	EndGlobalSection
EndGlobal
